PODS:
  - MCUIImageAdvanced (1.0.1)
  - MRGRoundButton (0.1.1):
    - MCUIImageAdvanced (~> 1.0)

DEPENDENCIES:
  - MRGRoundButton (from `../`)

EXTERNAL SOURCES:
  MRGRoundButton:
    :path: "../"

SPEC CHECKSUMS:
  MCUIImageAdvanced: 97f8fa68a6f994a3e196fa11af5229f7e0f9074e
  MRGRoundButton: 20009952d46bd4d94f405a2e512c9109eb9bb024

COCOAPODS: 0.38.2
